
Microsoft Visual Studio Solution File, Format Version 12.00
# Visual Studio Version 17
VisualStudioVersion = 17.5.002.0
MinimumVisualStudioVersion = 10.0.40219.1
Project("{9A19103F-16F7-4668-BE54-9A1E7A4F7556}") = "_fileOrganizer", "_fileOrganizer/_fileOrganizer.csproj", "{5AD45F19-2984-4C0C-9211-8C685B53838C}"
EndProject
Global
	GlobalSection(SolutionConfigurationPlatforms) = preSolution
		Debug|Any CPU = Debug|Any CPU
		Release|Any CPU = Release|Any CPU
	EndGlobalSection
	GlobalSection(ProjectConfigurationPlatforms) = postSolution
		{5AD45F19-2984-4C0C-9211-8C685B53838C}.Debug|Any CPU.ActiveCfg = Debug|Any CPU
		{5AD45F19-2984-4C0C-9211-8C685B53838C}.Debug|Any CPU.Build.0 = Debug|Any CPU
		{5AD45F19-2984-4C0C-9211-8C685B53838C}.Release|Any CPU.ActiveCfg = Release|Any CPU
		{5AD45F19-2984-4C0C-9211-8C685B53838C}.Release|Any CPU.Build.0 = Release|Any CPU
	EndGlobalSection
	GlobalSection(SolutionProperties) = preSolution
		HideSolutionNode = FALSE
	EndGlobalSection
	GlobalSection(ExtensibilityGlobals) = postSolution
		SolutionGuid = {8F3EE4AF-DCFA-49C3-8998-FE0B5EA7941C}
	EndGlobalSection
EndGlobal
